
Microsoft Visual Studio Solution File, Format Version 12.00
# Visual Studio 15
VisualStudioVersion = 15.0.28307.421
MinimumVisualStudioVersion = 10.0.40219.1
Project("{9A19103F-16F7-4668-BE54-9A1E7A4F7556}") = "SmashPopMVC", "SmashPopMVC\SmashPopMVC.csproj", "{C25FE3EA-9BC3-41DF-966F-4478FEB66B4B}"
EndProject
Project("{9A19103F-16F7-4668-BE54-9A1E7A4F7556}") = "SmashPopMVC.Data", "SmashPopMVC.Data\SmashPopMVC.Data.csproj", "{DEB9CE14-5BB2-4127-ACAD-C4672ECA3624}"
EndProject
Project("{9A19103F-16F7-4668-BE54-9A1E7A4F7556}") = "SmashPopMVC.Service", "SmashPopMVC.Services\SmashPopMVC.Service.csproj", "{55BCAF4C-3165-4A3B-A9D7-D159BE084C54}"
EndProject
Project("{9A19103F-16F7-4668-BE54-9A1E7A4F7556}") = "SmashPopMVC.UnitTest", "SmashPopMVC.Test\SmashPopMVC.UnitTest.csproj", "{49F4E819-C474-4752-96FA-C5594E7880F0}"
EndProject
Global
	GlobalSection(SolutionConfigurationPlatforms) = preSolution
		Debug|Any CPU = Debug|Any CPU
		Release|Any CPU = Release|Any CPU
	EndGlobalSection
	GlobalSection(ProjectConfigurationPlatforms) = postSolution
		{C25FE3EA-9BC3-41DF-966F-4478FEB66B4B}.Debug|Any CPU.ActiveCfg = Debug|Any CPU
		{C25FE3EA-9BC3-41DF-966F-4478FEB66B4B}.Debug|Any CPU.Build.0 = Debug|Any CPU
		{C25FE3EA-9BC3-41DF-966F-4478FEB66B4B}.Release|Any CPU.ActiveCfg = Release|Any CPU
		{C25FE3EA-9BC3-41DF-966F-4478FEB66B4B}.Release|Any CPU.Build.0 = Release|Any CPU
		{DEB9CE14-5BB2-4127-ACAD-C4672ECA3624}.Debug|Any CPU.ActiveCfg = Debug|Any CPU
		{DEB9CE14-5BB2-4127-ACAD-C4672ECA3624}.Debug|Any CPU.Build.0 = Debug|Any CPU
		{DEB9CE14-5BB2-4127-ACAD-C4672ECA3624}.Release|Any CPU.ActiveCfg = Release|Any CPU
		{DEB9CE14-5BB2-4127-ACAD-C4672ECA3624}.Release|Any CPU.Build.0 = Release|Any CPU
		{55BCAF4C-3165-4A3B-A9D7-D159BE084C54}.Debug|Any CPU.ActiveCfg = Debug|Any CPU
		{55BCAF4C-3165-4A3B-A9D7-D159BE084C54}.Debug|Any CPU.Build.0 = Debug|Any CPU
		{55BCAF4C-3165-4A3B-A9D7-D159BE084C54}.Release|Any CPU.ActiveCfg = Release|Any CPU
		{55BCAF4C-3165-4A3B-A9D7-D159BE084C54}.Release|Any CPU.Build.0 = Release|Any CPU
		{49F4E819-C474-4752-96FA-C5594E7880F0}.Debug|Any CPU.ActiveCfg = Debug|Any CPU
		{49F4E819-C474-4752-96FA-C5594E7880F0}.Debug|Any CPU.Build.0 = Debug|Any CPU
		{49F4E819-C474-4752-96FA-C5594E7880F0}.Release|Any CPU.ActiveCfg = Release|Any CPU
		{49F4E819-C474-4752-96FA-C5594E7880F0}.Release|Any CPU.Build.0 = Release|Any CPU
	EndGlobalSection
	GlobalSection(SolutionProperties) = preSolution
		HideSolutionNode = FALSE
	EndGlobalSection
	GlobalSection(ExtensibilityGlobals) = postSolution
		SolutionGuid = {7FFE862A-9A3B-4F0B-BAA8-941940F6A080}
	EndGlobalSection
EndGlobal
